
Microsoft Visual Studio Solution File, Format Version 12.00
# Visual Studio Version 17
VisualStudioVersion = 17.10.34916.146
MinimumVisualStudioVersion = 10.0.40219.1
Project("{FAE04EC0-301F-11D3-BF4B-00C04F79EFBC}") = "lab1_MathProg", "lab1_MathProg\lab1_MathProg.csproj", "{DF3860E0-1D55-43FB-8D1A-E905B2348609}"
EndProject
Global
	GlobalSection(SolutionConfigurationPlatforms) = preSolution
		Debug|Any CPU = Debug|Any CPU
		Release|Any CPU = Release|Any CPU
	EndGlobalSection
	GlobalSection(ProjectConfigurationPlatforms) = postSolution
		{DF3860E0-1D55-43FB-8D1A-E905B2348609}.Debug|Any CPU.ActiveCfg = Debug|Any CPU
		{DF3860E0-1D55-43FB-8D1A-E905B2348609}.Debug|Any CPU.Build.0 = Debug|Any CPU
		{DF3860E0-1D55-43FB-8D1A-E905B2348609}.Release|Any CPU.ActiveCfg = Release|Any CPU
		{DF3860E0-1D55-43FB-8D1A-E905B2348609}.Release|Any CPU.Build.0 = Release|Any CPU
	EndGlobalSection
	GlobalSection(SolutionProperties) = preSolution
		HideSolutionNode = FALSE
	EndGlobalSection
	GlobalSection(ExtensibilityGlobals) = postSolution
		SolutionGuid = {C3513657-40E7-4696-8D9E-E91BD619CEA4}
	EndGlobalSection
EndGlobal
